
Microsoft Visual Studio Solution File, Format Version 12.00
# Visual Studio 15
VisualStudioVersion = 15.0.28307.705
MinimumVisualStudioVersion = 10.0.40219.1
Project("{FAE04EC0-301F-11D3-BF4B-00C04F79EFBC}") = "MailSender", "MailSender\MailSender.csproj", "{4A8DEDDA-CFD1-4919-8CCE-6CBDBB7F9C88}"
EndProject
Project("{FAE04EC0-301F-11D3-BF4B-00C04F79EFBC}") = "CodePasswordDLL", "CodePasswordDLL\CodePasswordDLL.csproj", "{7D43939E-C35C-4DFC-8CBA-0D3A85C5C3F4}"
EndProject
Project("{FAE04EC0-301F-11D3-BF4B-00C04F79EFBC}") = "WpfEmailSendServiceDLL", "WpfEmailSendServiceDLL\WpfEmailSendServiceDLL.csproj", "{39784C4B-99CE-4425-8C17-B146331CDA86}"
EndProject
Global
	GlobalSection(SolutionConfigurationPlatforms) = preSolution
		Debug|Any CPU = Debug|Any CPU
		Release|Any CPU = Release|Any CPU
	EndGlobalSection
	GlobalSection(ProjectConfigurationPlatforms) = postSolution
		{4A8DEDDA-CFD1-4919-8CCE-6CBDBB7F9C88}.Debug|Any CPU.ActiveCfg = Debug|Any CPU
		{4A8DEDDA-CFD1-4919-8CCE-6CBDBB7F9C88}.Debug|Any CPU.Build.0 = Debug|Any CPU
		{4A8DEDDA-CFD1-4919-8CCE-6CBDBB7F9C88}.Release|Any CPU.ActiveCfg = Release|Any CPU
		{4A8DEDDA-CFD1-4919-8CCE-6CBDBB7F9C88}.Release|Any CPU.Build.0 = Release|Any CPU
		{7D43939E-C35C-4DFC-8CBA-0D3A85C5C3F4}.Debug|Any CPU.ActiveCfg = Debug|Any CPU
		{7D43939E-C35C-4DFC-8CBA-0D3A85C5C3F4}.Debug|Any CPU.Build.0 = Debug|Any CPU
		{7D43939E-C35C-4DFC-8CBA-0D3A85C5C3F4}.Release|Any CPU.ActiveCfg = Release|Any CPU
		{7D43939E-C35C-4DFC-8CBA-0D3A85C5C3F4}.Release|Any CPU.Build.0 = Release|Any CPU
		{39784C4B-99CE-4425-8C17-B146331CDA86}.Debug|Any CPU.ActiveCfg = Debug|Any CPU
		{39784C4B-99CE-4425-8C17-B146331CDA86}.Debug|Any CPU.Build.0 = Debug|Any CPU
		{39784C4B-99CE-4425-8C17-B146331CDA86}.Release|Any CPU.ActiveCfg = Release|Any CPU
		{39784C4B-99CE-4425-8C17-B146331CDA86}.Release|Any CPU.Build.0 = Release|Any CPU
	EndGlobalSection
	GlobalSection(SolutionProperties) = preSolution
		HideSolutionNode = FALSE
	EndGlobalSection
	GlobalSection(ExtensibilityGlobals) = postSolution
		SolutionGuid = {2F159148-D1D5-4974-A742-843729FC60B8}
	EndGlobalSection
EndGlobal
