
Microsoft Visual Studio Solution File, Format Version 12.00
# Visual Studio Version 16
VisualStudioVersion = 16.0.29201.188
MinimumVisualStudioVersion = 10.0.40219.1
Project("{9A19103F-16F7-4668-BE54-9A1E7A4F7556}") = "Task1", "Task1\Task1.csproj", "{60899BD8-D517-45D2-B953-90F489589385}"
EndProject
Project("{FAE04EC0-301F-11D3-BF4B-00C04F79EFBC}") = "Task2", "Task2\Task2.csproj", "{44CC7AE2-3075-4336-8834-5436A64A69D9}"
EndProject
Global
	GlobalSection(SolutionConfigurationPlatforms) = preSolution
		Debug|Any CPU = Debug|Any CPU
		Release|Any CPU = Release|Any CPU
	EndGlobalSection
	GlobalSection(ProjectConfigurationPlatforms) = postSolution
		{60899BD8-D517-45D2-B953-90F489589385}.Debug|Any CPU.ActiveCfg = Debug|Any CPU
		{60899BD8-D517-45D2-B953-90F489589385}.Debug|Any CPU.Build.0 = Debug|Any CPU
		{60899BD8-D517-45D2-B953-90F489589385}.Release|Any CPU.ActiveCfg = Release|Any CPU
		{60899BD8-D517-45D2-B953-90F489589385}.Release|Any CPU.Build.0 = Release|Any CPU
		{44CC7AE2-3075-4336-8834-5436A64A69D9}.Debug|Any CPU.ActiveCfg = Debug|Any CPU
		{44CC7AE2-3075-4336-8834-5436A64A69D9}.Debug|Any CPU.Build.0 = Debug|Any CPU
		{44CC7AE2-3075-4336-8834-5436A64A69D9}.Release|Any CPU.ActiveCfg = Release|Any CPU
		{44CC7AE2-3075-4336-8834-5436A64A69D9}.Release|Any CPU.Build.0 = Release|Any CPU
	EndGlobalSection
	GlobalSection(SolutionProperties) = preSolution
		HideSolutionNode = FALSE
	EndGlobalSection
	GlobalSection(ExtensibilityGlobals) = postSolution
		SolutionGuid = {18749B96-F069-4CB5-A497-AD765FB5BACF}
	EndGlobalSection
EndGlobal
